<?xml version="1.0" encoding="utf-8"?>
<Project ToolsVersion="4.0" xmlns="http://schemas.microsoft.com/developer/msbuild/2003">
  <ItemGroup>
    <Filter Include="Galaxy">
      <UniqueIdentifier>{CB7795B4-B719-C08A-A0D4-D3DE8C1547DB}</UniqueIdentifier>
    </Filter>
    <Filter Include="Galaxy\Core">
      <UniqueIdentifier>{0333984C-6FE8-1042-F8DC-0A1964910746}</UniqueIdentifier>
    </Filter>
    <Filter Include="Galaxy\Events">
      <UniqueIdentifier>{4F1193D8-BBD1-0E0F-840C-588CF08B53EB}</UniqueIdentifier>
    </Filter>
    <Filter Include="Galaxy\ImGui">
      <UniqueIdentifier>{355909E0-21BC-9884-CA41-D13AB6836407}</UniqueIdentifier>
    </Filter>
    <Filter Include="Platform">
      <UniqueIdentifier>{2AC788B4-1694-E3BF-3FAD-D1672BD9184E}</UniqueIdentifier>
    </Filter>
  </ItemGroup>
  <ItemGroup>
    <ClInclude Include="src\Galaxy.h" />
    <ClInclude Include="src\Galaxy\Core\Application.h">
      <Filter>Galaxy\Core</Filter>
    </ClInclude>
    <ClInclude Include="src\Galaxy\Core\Core.h">
      <Filter>Galaxy\Core</Filter>
    </ClInclude>
    <ClInclude Include="src\Galaxy\Core\EntryPoint.h">
      <Filter>Galaxy\Core</Filter>
    </ClInclude>
    <ClInclude Include="src\Galaxy\Core\Layer.h">
      <Filter>Galaxy\Core</Filter>
    </ClInclude>
    <ClInclude Include="src\Galaxy\Core\LayerStack.h">
      <Filter>Galaxy\Core</Filter>
    </ClInclude>
    <ClInclude Include="src\Galaxy\Core\Log.h">
      <Filter>Galaxy\Core</Filter>
    </ClInclude>
    <ClInclude Include="src\Galaxy\Core\Window.h">
      <Filter>Galaxy\Core</Filter>
    </ClInclude>
    <ClInclude Include="src\Galaxy\Events\ApplicationEvent.h">
      <Filter>Galaxy\Events</Filter>
    </ClInclude>
    <ClInclude Include="src\Galaxy\Events\Event.h">
      <Filter>Galaxy\Events</Filter>
    </ClInclude>
    <ClInclude Include="src\Galaxy\Events\KeyEvent.h">
      <Filter>Galaxy\Events</Filter>
    </ClInclude>
    <ClInclude Include="src\Galaxy\Events\MouseEvent.h">
      <Filter>Galaxy\Events</Filter>
    </ClInclude>
    <ClInclude Include="src\Galaxy\ImGui\ImGuiLayer.h">
      <Filter>Galaxy\ImGui</Filter>
    </ClInclude>
    <ClInclude Include="src\gxpch.h" />
    <ClInclude Include="src\Platform\Windows\WindowsWindow.h">
      <Filter>Platform</Filter>
    </ClInclude>
  </ItemGroup>
  <ItemGroup>
    <ClCompile Include="src\Galaxy\Core\Application.cpp">
      <Filter>Galaxy\Core</Filter>
    </ClCompile>
    <ClCompile Include="src\Galaxy\Core\Layer.cpp">
      <Filter>Galaxy\Core</Filter>
    </ClCompile>
    <ClCompile Include="src\Galaxy\Core\LayerStack.cpp">
      <Filter>Galaxy\Core</Filter>
    </ClCompile>
    <ClCompile Include="src\Galaxy\Core\Log.cpp">
      <Filter>Galaxy\Core</Filter>
    </ClCompile>
    <ClCompile Include="src\Galaxy\ImGui\ImGuiLayer.cpp">
      <Filter>Galaxy\ImGui</Filter>
    </ClCompile>
    <ClCompile Include="src\gxpch.cpp" />
    <ClCompile Include="src\Platform\Windows\WindowsWindow.cpp">
      <Filter>Platform</Filter>
    </ClCompile>
    <ClCompile Include="src\Galaxy\ImGui\ImGuiBuild.cpp" />
  </ItemGroup>
</Project>