<?xml version="1.0" encoding="utf-8"?>
<Project ToolsVersion="4.0" xmlns="http://schemas.microsoft.com/developer/msbuild/2003">
  <ItemGroup>
    <Filter Include="Galaxy">
      <UniqueIdentifier>{CB7795B4-B719-C08A-A0D4-D3DE8C1547DB}</UniqueIdentifier>
    </Filter>
    <Filter Include="Galaxy\Core">
      <UniqueIdentifier>{0333984C-6FE8-1042-F8DC-0A1964910746}</UniqueIdentifier>
    </Filter>
  </ItemGroup>
  <ItemGroup>
    <ClInclude Include="src\Galaxy.h" />
    <ClInclude Include="src\Galaxy\Core\Application.h">
      <Filter>Galaxy\Core</Filter>
    </ClInclude>
    <ClInclude Include="src\Galaxy\Core\EntryPoint.h">
      <Filter>Galaxy\Core</Filter>
    </ClInclude>
    <ClInclude Include="src\Galaxy\Core\Log.h">
      <Filter>Galaxy\Core</Filter>
    </ClInclude>
  </ItemGroup>
  <ItemGroup>
    <ClCompile Include="src\Galaxy\Core\Application.cpp">
      <Filter>Galaxy\Core</Filter>
    </ClCompile>
    <ClCompile Include="src\Galaxy\Core\Log.cpp">
      <Filter>Galaxy\Core</Filter>
    </ClCompile>
  </ItemGroup>
</Project>